// !$*UTF8*$!
{
	archiveVersion = 1;
	classes = {
	};
	objectVersion = 50;
	objects = {

/* Begin PBXBuildFile section */
		9C6A039D22C4A84A002F99A9 /* AppDelegate.swift in Sources */ = {isa = PBXBuildFile; fileRef = 9C6A039C22C4A84A002F99A9 /* AppDelegate.swift */; };
		9C6A039F22C4A84A002F99A9 /* ViewController.swift in Sources */ = {isa = PBXBuildFile; fileRef = 9C6A039E22C4A84A002F99A9 /* ViewController.swift */; };
		9C6A03A222C4A84A002F99A9 /* Main.storyboard in Resources */ = {isa = PBXBuildFile; fileRef = 9C6A03A022C4A84A002F99A9 /* Main.storyboard */; };
		9C6A03A422C4A84C002F99A9 /* Assets.xcassets in Resources */ = {isa = PBXBuildFile; fileRef = 9C6A03A322C4A84C002F99A9 /* Assets.xcassets */; };
		9C6A03A722C4A84C002F99A9 /* LaunchScreen.storyboard in Resources */ = {isa = PBXBuildFile; fileRef = 9C6A03A522C4A84C002F99A9 /* LaunchScreen.storyboard */; };
		9C6A03B222C4A84C002F99A9 /* RacingTests.swift in Sources */ = {isa = PBXBuildFile; fileRef = 9C6A03B122C4A84C002F99A9 /* RacingTests.swift */; };
		9C6A03BD22C4A84C002F99A9 /* RacingUITests.swift in Sources */ = {isa = PBXBuildFile; fileRef = 9C6A03BC22C4A84C002F99A9 /* RacingUITests.swift */; };
/* End PBXBuildFile section */

/* Begin PBXContainerItemProxy section */
		9C6A03AE22C4A84C002F99A9 /* PBXContainerItemProxy */ = {
			isa = PBXContainerItemProxy;
			containerPortal = 9C6A039122C4A849002F99A9 /* Project object */;
			proxyType = 1;
			remoteGlobalIDString = 9C6A039822C4A84A002F99A9;
			remoteInfo = Racing;
		};
		9C6A03B922C4A84C002F99A9 /* PBXContainerItemProxy */ = {
			isa = PBXContainerItemProxy;
			containerPortal = 9C6A039122C4A849002F99A9 /* Project object */;
			proxyType = 1;
			remoteGlobalIDString = 9C6A039822C4A84A002F99A9;
			remoteInfo = Racing;
		};
/* End PBXContainerItemProxy section */

/* Begin PBXFileReference section */
		9C6A039922C4A84A002F99A9 /* Racing.app */ = {isa = PBXFileReference; explicitFileType = wrapper.application; includeInIndex = 0; path = Racing.app; sourceTree = BUILT_PRODUCTS_DIR; };
		9C6A039C22C4A84A002F99A9 /* AppDelegate.swift */ = {isa = PBXFileReference; lastKnownFileType = sourcecode.swift; path = AppDelegate.swift; sourceTree = "<group>"; };
		9C6A039E22C4A84A002F99A9 /* ViewController.swift */ = {isa = PBXFileReference; lastKnownFileType = sourcecode.swift; path = ViewController.swift; sourceTree = "<group>"; };
		9C6A03A122C4A84A002F99A9 /* Base */ = {isa = PBXFileReference; lastKnownFileType = file.storyboard; name = Base; path = Base.lproj/Main.storyboard; sourceTree = "<group>"; };
		9C6A03A322C4A84C002F99A9 /* Assets.xcassets */ = {isa = PBXFileReference; lastKnownFileType = folder.assetcatalog; path = Assets.xcassets; sourceTree = "<group>"; };
		9C6A03A622C4A84C002F99A9 /* Base */ = {isa = PBXFileReference; lastKnownFileType = file.storyboard; name = Base; path = Base.lproj/LaunchScreen.storyboard; sourceTree = "<group>"; };
		9C6A03A822C4A84C002F99A9 /* Info.plist */ = {isa = PBXFileReference; lastKnownFileType = text.plist.xml; path = Info.plist; sourceTree = "<group>"; };
		9C6A03AD22C4A84C002F99A9 /* RacingTests.xctest */ = {isa = PBXFileReference; explicitFileType = wrapper.cfbundle; includeInIndex = 0; path = RacingTests.xctest; sourceTree = BUILT_PRODUCTS_DIR; };
		9C6A03B122C4A84C002F99A9 /* RacingTests.swift */ = {isa = PBXFileReference; lastKnownFileType = sourcecode.swift; path = RacingTests.swift; sourceTree = "<group>"; };
		9C6A03B322C4A84C002F99A9 /* Info.plist */ = {isa = PBXFileReference; lastKnownFileType = text.plist.xml; path = Info.plist; sourceTree = "<group>"; };
		9C6A03B822C4A84C002F99A9 /* RacingUITests.xctest */ = {isa = PBXFileReference; explicitFileType = wrapper.cfbundle; includeInIndex = 0; path = RacingUITests.xctest; sourceTree = BUILT_PRODUCTS_DIR; };
		9C6A03BC22C4A84C002F99A9 /* RacingUITests.swift */ = {isa = PBXFileReference; lastKnownFileType = sourcecode.swift; path = RacingUITests.swift; sourceTree = "<group>"; };
		9C6A03BE22C4A84C002F99A9 /* Info.plist */ = {isa = PBXFileReference; lastKnownFileType = text.plist.xml; path = Info.plist; sourceTree = "<group>"; };
/* End PBXFileReference section */

/* Begin PBXFrameworksBuildPhase section */
		9C6A039622C4A84A002F99A9 /* Frameworks */ = {
			isa = PBXFrameworksBuildPhase;
			buildActionMask = 2147483647;
			files = (
			);
			runOnlyForDeploymentPostprocessing = 0;
		};
		9C6A03AA22C4A84C002F99A9 /* Frameworks */ = {
			isa = PBXFrameworksBuildPhase;
			buildActionMask = 2147483647;
			files = (
			);
			runOnlyForDeploymentPostprocessing = 0;
		};
		9C6A03B522C4A84C002F99A9 /* Frameworks */ = {
			isa = PBXFrameworksBuildPhase;
			buildActionMask = 2147483647;
			files = (
			);
			runOnlyForDeploymentPostprocessing = 0;
		};
/* End PBXFrameworksBuildPhase section */

/* Begin PBXGroup section */
		9C6A039022C4A849002F99A9 = {
			isa = PBXGroup;
			children = (
				9C6A039B22C4A84A002F99A9 /* Racing */,
				9C6A03B022C4A84C002F99A9 /* RacingTests */,
				9C6A03BB22C4A84C002F99A9 /* RacingUITests */,
				9C6A039A22C4A84A002F99A9 /* Products */,
			);
			sourceTree = "<group>";
		};
		9C6A039A22C4A84A002F99A9 /* Products */ = {
			isa = PBXGroup;
			children = (
				9C6A039922C4A84A002F99A9 /* Racing.app */,
				9C6A03AD22C4A84C002F99A9 /* RacingTests.xctest */,
				9C6A03B822C4A84C002F99A9 /* RacingUITests.xctest */,
			);
			name = Products;
			sourceTree = "<group>";
		};
		9C6A039B22C4A84A002F99A9 /* Racing */ = {
			isa = PBXGroup;
			children = (
				9C6A039C22C4A84A002F99A9 /* AppDelegate.swift */,
				9C6A039E22C4A84A002F99A9 /* ViewController.swift */,
				9C6A03A022C4A84A002F99A9 /* Main.storyboard */,
				9C6A03A322C4A84C002F99A9 /* Assets.xcassets */,
				9C6A03A522C4A84C002F99A9 /* LaunchScreen.storyboard */,
				9C6A03A822C4A84C002F99A9 /* Info.plist */,
			);
			path = Racing;
			sourceTree = "<group>";
		};
		9C6A03B022C4A84C002F99A9 /* RacingTests */ = {
			isa = PBXGroup;
			children = (
				9C6A03B122C4A84C002F99A9 /* RacingTests.swift */,
				9C6A03B322C4A84C002F99A9 /* Info.plist */,
			);
			path = RacingTests;
			sourceTree = "<group>";
		};
		9C6A03BB22C4A84C002F99A9 /* RacingUITests */ = {
			isa = PBXGroup;
			children = (
				9C6A03BC22C4A84C002F99A9 /* RacingUITests.swift */,
				9C6A03BE22C4A84C002F99A9 /* Info.plist */,
			);
			path = RacingUITests;
			sourceTree = "<group>";
		};
/* End PBXGroup section */

/* Begin PBXNativeTarget section */
		9C6A039822C4A84A002F99A9 /* Racing */ = {
			isa = PBXNativeTarget;
			buildConfigurationList = 9C6A03C122C4A84C002F99A9 /* Build configuration list for PBXNativeTarget "Racing" */;
			buildPhases = (
				9C6A039522C4A84A002F99A9 /* Sources */,
				9C6A039622C4A84A002F99A9 /* Frameworks */,
				9C6A039722C4A84A002F99A9 /* Resources */,
			);
			buildRules = (
			);
			dependencies = (
			);
			name = Racing;
			productName = Racing;
			productReference = 9C6A039922C4A84A002F99A9 /* Racing.app */;
			productType = "com.apple.product-type.application";
		};
		9C6A03AC22C4A84C002F99A9 /* RacingTests */ = {
			isa = PBXNativeTarget;
			buildConfigurationList = 9C6A03C422C4A84C002F99A9 /* Build configuration list for PBXNativeTarget "RacingTests" */;
			buildPhases = (
				9C6A03A922C4A84C002F99A9 /* Sources */,
				9C6A03AA22C4A84C002F99A9 /* Frameworks */,
				9C6A03AB22C4A84C002F99A9 /* Resources */,
			);
			buildRules = (
			);
			dependencies = (
				9C6A03AF22C4A84C002F99A9 /* PBXTargetDependency */,
			);
			name = RacingTests;
			productName = RacingTests;
			productReference = 9C6A03AD22C4A84C002F99A9 /* RacingTests.xctest */;
			productType = "com.apple.product-type.bundle.unit-test";
		};
		9C6A03B722C4A84C002F99A9 /* RacingUITests */ = {
			isa = PBXNativeTarget;
			buildConfigurationList = 9C6A03C722C4A84C002F99A9 /* Build configuration list for PBXNativeTarget "RacingUITests" */;
			buildPhases = (
				9C6A03B422C4A84C002F99A9 /* Sources */,
				9C6A03B522C4A84C002F99A9 /* Frameworks */,
				9C6A03B622C4A84C002F99A9 /* Resources */,
			);
			buildRules = (
			);
			dependencies = (
				9C6A03BA22C4A84C002F99A9 /* PBXTargetDependency */,
			);
			name = RacingUITests;
			productName = RacingUITests;
			productReference = 9C6A03B822C4A84C002F99A9 /* RacingUITests.xctest */;
			productType = "com.apple.product-type.bundle.ui-testing";
		};
/* End PBXNativeTarget section */

/* Begin PBXProject section */
		9C6A039122C4A849002F99A9 /* Project object */ = {
			isa = PBXProject;
			attributes = {
				LastSwiftUpdateCheck = 1020;
				LastUpgradeCheck = 1020;
				ORGANIZATIONNAME = "Chayawat Suntornrak";
				TargetAttributes = {
					9C6A039822C4A84A002F99A9 = {
						CreatedOnToolsVersion = 10.2.1;
					};
					9C6A03AC22C4A84C002F99A9 = {
						CreatedOnToolsVersion = 10.2.1;
						TestTargetID = 9C6A039822C4A84A002F99A9;
					};
					9C6A03B722C4A84C002F99A9 = {
						CreatedOnToolsVersion = 10.2.1;
						TestTargetID = 9C6A039822C4A84A002F99A9;
					};
				};
			};
			buildConfigurationList = 9C6A039422C4A849002F99A9 /* Build configuration list for PBXProject "Racing" */;
			compatibilityVersion = "Xcode 9.3";
			developmentRegion = en;
			hasScannedForEncodings = 0;
			knownRegions = (
				en,
				Base,
			);
			mainGroup = 9C6A039022C4A849002F99A9;
			productRefGroup = 9C6A039A22C4A84A002F99A9 /* Products */;
			projectDirPath = "";
			projectRoot = "";
			targets = (
				9C6A039822C4A84A002F99A9 /* Racing */,
				9C6A03AC22C4A84C002F99A9 /* RacingTests */,
				9C6A03B722C4A84C002F99A9 /* RacingUITests */,
			);
		};
/* End PBXProject section */

/* Begin PBXResourcesBuildPhase section */
		9C6A039722C4A84A002F99A9 /* Resources */ = {
			isa = PBXResourcesBuildPhase;
			buildActionMask = 2147483647;
			files = (
				9C6A03A722C4A84C002F99A9 /* LaunchScreen.storyboard in Resources */,
				9C6A03A422C4A84C002F99A9 /* Assets.xcassets in Resources */,
				9C6A03A222C4A84A002F99A9 /* Main.storyboard in Resources */,
			);
			runOnlyForDeploymentPostprocessing = 0;
		};
		9C6A03AB22C4A84C002F99A9 /* Resources */ = {
			isa = PBXResourcesBuildPhase;
			buildActionMask = 2147483647;
			files = (
			);
			runOnlyForDeploymentPostprocessing = 0;
		};
		9C6A03B622C4A84C002F99A9 /* Resources */ = {
			isa = PBXResourcesBuildPhase;
			buildActionMask = 2147483647;
			files = (
			);
			runOnlyForDeploymentPostprocessing = 0;
		};
/* End PBXResourcesBuildPhase section */

/* Begin PBXSourcesBuildPhase section */
		9C6A039522C4A84A002F99A9 /* Sources */ = {
			isa = PBXSourcesBuildPhase;
			buildActionMask = 2147483647;
			files = (
				9C6A039F22C4A84A002F99A9 /* ViewController.swift in Sources */,
				9C6A039D22C4A84A002F99A9 /* AppDelegate.swift in Sources */,
			);
			runOnlyForDeploymentPostprocessing = 0;
		};
		9C6A03A922C4A84C002F99A9 /* Sources */ = {
			isa = PBXSourcesBuildPhase;
			buildActionMask = 2147483647;
			files = (
				9C6A03B222C4A84C002F99A9 /* RacingTests.swift in Sources */,
			);
			runOnlyForDeploymentPostprocessing = 0;
		};
		9C6A03B422C4A84C002F99A9 /* Sources */ = {
			isa = PBXSourcesBuildPhase;
			buildActionMask = 2147483647;
			files = (
				9C6A03BD22C4A84C002F99A9 /* RacingUITests.swift in Sources */,
			);
			runOnlyForDeploymentPostprocessing = 0;
		};
/* End PBXSourcesBuildPhase section */

/* Begin PBXTargetDependency section */
		9C6A03AF22C4A84C002F99A9 /* PBXTargetDependency */ = {
			isa = PBXTargetDependency;
			target = 9C6A039822C4A84A002F99A9 /* Racing */;
			targetProxy = 9C6A03AE22C4A84C002F99A9 /* PBXContainerItemProxy */;
		};
		9C6A03BA22C4A84C002F99A9 /* PBXTargetDependency */ = {
			isa = PBXTargetDependency;
			target = 9C6A039822C4A84A002F99A9 /* Racing */;
			targetProxy = 9C6A03B922C4A84C002F99A9 /* PBXContainerItemProxy */;
		};
/* End PBXTargetDependency section */

/* Begin PBXVariantGroup section */
		9C6A03A022C4A84A002F99A9 /* Main.storyboard */ = {
			isa = PBXVariantGroup;
			children = (
				9C6A03A122C4A84A002F99A9 /* Base */,
			);
			name = Main.storyboard;
			sourceTree = "<group>";
		};
		9C6A03A522C4A84C002F99A9 /* LaunchScreen.storyboard */ = {
			isa = PBXVariantGroup;
			children = (
				9C6A03A622C4A84C002F99A9 /* Base */,
			);
			name = LaunchScreen.storyboard;
			sourceTree = "<group>";
		};
/* End PBXVariantGroup section */

/* Begin XCBuildConfiguration section */
		9C6A03BF22C4A84C002F99A9 /* Debug */ = {
			isa = XCBuildConfiguration;
			buildSettings = {
				ALWAYS_SEARCH_USER_PATHS = NO;
				CLANG_ANALYZER_NONNULL = YES;
				CLANG_ANALYZER_NUMBER_OBJECT_CONVERSION = YES_AGGRESSIVE;
				CLANG_CXX_LANGUAGE_STANDARD = "gnu++14";
				CLANG_CXX_LIBRARY = "libc++";
				CLANG_ENABLE_MODULES = YES;
				CLANG_ENABLE_OBJC_ARC = YES;
				CLANG_ENABLE_OBJC_WEAK = YES;
				CLANG_WARN_BLOCK_CAPTURE_AUTORELEASING = YES;
				CLANG_WARN_BOOL_CONVERSION = YES;
				CLANG_WARN_COMMA = YES;
				CLANG_WARN_CONSTANT_CONVERSION = YES;
				CLANG_WARN_DEPRECATED_OBJC_IMPLEMENTATIONS = YES;
				CLANG_WARN_DIRECT_OBJC_ISA_USAGE = YES_ERROR;
				CLANG_WARN_DOCUMENTATION_COMMENTS = YES;
				CLANG_WARN_EMPTY_BODY = YES;
				CLANG_WARN_ENUM_CONVERSION = YES;
				CLANG_WARN_INFINITE_RECURSION = YES;
				CLANG_WARN_INT_CONVERSION = YES;
				CLANG_WARN_NON_LITERAL_NULL_CONVERSION = YES;
				CLANG_WARN_OBJC_IMPLICIT_RETAIN_SELF = YES;
				CLANG_WARN_OBJC_LITERAL_CONVERSION = YES;
				CLANG_WARN_OBJC_ROOT_CLASS = YES_ERROR;
				CLANG_WARN_RANGE_LOOP_ANALYSIS = YES;
				CLANG_WARN_STRICT_PROTOTYPES = YES;
				CLANG_WARN_SUSPICIOUS_MOVE = YES;
				CLANG_WARN_UNGUARDED_AVAILABILITY = YES_AGGRESSIVE;
				CLANG_WARN_UNREACHABLE_CODE = YES;
				CLANG_WARN__DUPLICATE_METHOD_MATCH = YES;
				CODE_SIGN_IDENTITY = "iPhone Developer";
				COPY_PHASE_STRIP = NO;
				DEBUG_INFORMATION_FORMAT = dwarf;
				ENABLE_STRICT_OBJC_MSGSEND = YES;
				ENABLE_TESTABILITY = YES;
				GCC_C_LANGUAGE_STANDARD = gnu11;
				GCC_DYNAMIC_NO_PIC = NO;
				GCC_NO_COMMON_BLOCKS = YES;
				GCC_OPTIMIZATION_LEVEL = 0;
				GCC_PREPROCESSOR_DEFINITIONS = (
					"DEBUG=1",
					"$(inherited)",
				);
				GCC_WARN_64_TO_32_BIT_CONVERSION = YES;
				GCC_WARN_ABOUT_RETURN_TYPE = YES_ERROR;
				GCC_WARN_UNDECLARED_SELECTOR = YES;
				GCC_WARN_UNINITIALIZED_AUTOS = YES_AGGRESSIVE;
				GCC_WARN_UNUSED_FUNCTION = YES;
				GCC_WARN_UNUSED_VARIABLE = YES;
				IPHONEOS_DEPLOYMENT_TARGET = 12.2;
				MTL_ENABLE_DEBUG_INFO = INCLUDE_SOURCE;
				MTL_FAST_MATH = YES;
				ONLY_ACTIVE_ARCH = YES;
				SDKROOT = iphoneos;
				SWIFT_ACTIVE_COMPILATION_CONDITIONS = DEBUG;
				SWIFT_OPTIMIZATION_LEVEL = "-Onone";
			};
			name = Debug;
		};
		9C6A03C022C4A84C002F99A9 /* Release */ = {
			isa = XCBuildConfiguration;
			buildSettings = {
				ALWAYS_SEARCH_USER_PATHS = NO;
				CLANG_ANALYZER_NONNULL = YES;
				CLANG_ANALYZER_NUMBER_OBJECT_CONVERSION = YES_AGGRESSIVE;
				CLANG_CXX_LANGUAGE_STANDARD = "gnu++14";
				CLANG_CXX_LIBRARY = "libc++";
				CLANG_ENABLE_MODULES = YES;
				CLANG_ENABLE_OBJC_ARC = YES;
				CLANG_ENABLE_OBJC_WEAK = YES;
				CLANG_WARN_BLOCK_CAPTURE_AUTORELEASING = YES;
				CLANG_WARN_BOOL_CONVERSION = YES;
				CLANG_WARN_COMMA = YES;
				CLANG_WARN_CONSTANT_CONVERSION = YES;
				CLANG_WARN_DEPRECATED_OBJC_IMPLEMENTATIONS = YES;
				CLANG_WARN_DIRECT_OBJC_ISA_USAGE = YES_ERROR;
				CLANG_WARN_DOCUMENTATION_COMMENTS = YES;
				CLANG_WARN_EMPTY_BODY = YES;
				CLANG_WARN_ENUM_CONVERSION = YES;
				CLANG_WARN_INFINITE_RECURSION = YES;
				CLANG_WARN_INT_CONVERSION = YES;
				CLANG_WARN_NON_LITERAL_NULL_CONVERSION = YES;
				CLANG_WARN_OBJC_IMPLICIT_RETAIN_SELF = YES;
				CLANG_WARN_OBJC_LITERAL_CONVERSION = YES;
				CLANG_WARN_OBJC_ROOT_CLASS = YES_ERROR;
				CLANG_WARN_RANGE_LOOP_ANALYSIS = YES;
				CLANG_WARN_STRICT_PROTOTYPES = YES;
				CLANG_WARN_SUSPICIOUS_MOVE = YES;
				CLANG_WARN_UNGUARDED_AVAILABILITY = YES_AGGRESSIVE;
				CLANG_WARN_UNREACHABLE_CODE = YES;
				CLANG_WARN__DUPLICATE_METHOD_MATCH = YES;
				CODE_SIGN_IDENTITY = "iPhone Developer";
				COPY_PHASE_STRIP = NO;
				DEBUG_INFORMATION_FORMAT = "dwarf-with-dsym";
				ENABLE_NS_ASSERTIONS = NO;
				ENABLE_STRICT_OBJC_MSGSEND = YES;
				GCC_C_LANGUAGE_STANDARD = gnu11;
				GCC_NO_COMMON_BLOCKS = YES;
				GCC_WARN_64_TO_32_BIT_CONVERSION = YES;
				GCC_WARN_ABOUT_RETURN_TYPE = YES_ERROR;
				GCC_WARN_UNDECLARED_SELECTOR = YES;
				GCC_WARN_UNINITIALIZED_AUTOS = YES_AGGRESSIVE;
				GCC_WARN_UNUSED_FUNCTION = YES;
				GCC_WARN_UNUSED_VARIABLE = YES;
				IPHONEOS_DEPLOYMENT_TARGET = 12.2;
				MTL_ENABLE_DEBUG_INFO = NO;
				MTL_FAST_MATH = YES;
				SDKROOT = iphoneos;
				SWIFT_COMPILATION_MODE = wholemodule;
				SWIFT_OPTIMIZATION_LEVEL = "-O";
				VALIDATE_PRODUCT = YES;
			};
			name = Release;
		};
		9C6A03C222C4A84C002F99A9 /* Debug */ = {
			isa = XCBuildConfiguration;
			buildSettings = {
				ASSETCATALOG_COMPILER_APPICON_NAME = AppIcon;
				CODE_SIGN_STYLE = Automatic;
				DEVELOPMENT_TEAM = 98SVP6YBGF;
				INFOPLIST_FILE = Racing/Info.plist;
				LD_RUNPATH_SEARCH_PATHS = (
					"$(inherited)",
					"@executable_path/Frameworks",
				);
				PRODUCT_BUNDLE_IDENTIFIER = chayarak.Racing;
				PRODUCT_NAME = "$(TARGET_NAME)";
				SWIFT_VERSION = 5.0;
				TARGETED_DEVICE_FAMILY = "1,2";
			};
			name = Debug;
		};
		9C6A03C322C4A84C002F99A9 /* Release */ = {
			isa = XCBuildConfiguration;
			buildSettings = {
				ASSETCATALOG_COMPILER_APPICON_NAME = AppIcon;
				CODE_SIGN_STYLE = Automatic;
				DEVELOPMENT_TEAM = 98SVP6YBGF;
				INFOPLIST_FILE = Racing/Info.plist;
				LD_RUNPATH_SEARCH_PATHS = (
					"$(inherited)",
					"@executable_path/Frameworks",
				);
				PRODUCT_BUNDLE_IDENTIFIER = chayarak.Racing;
				PRODUCT_NAME = "$(TARGET_NAME)";
				SWIFT_VERSION = 5.0;
				TARGETED_DEVICE_FAMILY = "1,2";
			};
			name = Release;
		};
		9C6A03C522C4A84C002F99A9 /* Debug */ = {
			isa = XCBuildConfiguration;
			buildSettings = {
				ALWAYS_EMBED_SWIFT_STANDARD_LIBRARIES = YES;
				BUNDLE_LOADER = "$(TEST_HOST)";
				CODE_SIGN_STYLE = Automatic;
				DEVELOPMENT_TEAM = 98SVP6YBGF;
				INFOPLIST_FILE = RacingTests/Info.plist;
				LD_RUNPATH_SEARCH_PATHS = (
					"$(inherited)",
					"@executable_path/Frameworks",
					"@loader_path/Frameworks",
				);
				PRODUCT_BUNDLE_IDENTIFIER = chayarak.RacingTests;
				PRODUCT_NAME = "$(TARGET_NAME)";
				SWIFT_VERSION = 5.0;
				TARGETED_DEVICE_FAMILY = "1,2";
				TEST_HOST = "$(BUILT_PRODUCTS_DIR)/Racing.app/Racing";
			};
			name = Debug;
		};
		9C6A03C622C4A84C002F99A9 /* Release */ = {
			isa = XCBuildConfiguration;
			buildSettings = {
				ALWAYS_EMBED_SWIFT_STANDARD_LIBRARIES = YES;
				BUNDLE_LOADER = "$(TEST_HOST)";
				CODE_SIGN_STYLE = Automatic;
				DEVELOPMENT_TEAM = 98SVP6YBGF;
				INFOPLIST_FILE = RacingTests/Info.plist;
				LD_RUNPATH_SEARCH_PATHS = (
					"$(inherited)",
					"@executable_path/Frameworks",
					"@loader_path/Frameworks",
				);
				PRODUCT_BUNDLE_IDENTIFIER = chayarak.RacingTests;
				PRODUCT_NAME = "$(TARGET_NAME)";
				SWIFT_VERSION = 5.0;
				TARGETED_DEVICE_FAMILY = "1,2";
				TEST_HOST = "$(BUILT_PRODUCTS_DIR)/Racing.app/Racing";
			};
			name = Release;
		};
		9C6A03C822C4A84C002F99A9 /* Debug */ = {
			isa = XCBuildConfiguration;
			buildSettings = {
				ALWAYS_EMBED_SWIFT_STANDARD_LIBRARIES = YES;
				CODE_SIGN_STYLE = Automatic;
				DEVELOPMENT_TEAM = 98SVP6YBGF;
				INFOPLIST_FILE = RacingUITests/Info.plist;
				LD_RUNPATH_SEARCH_PATHS = (
					"$(inherited)",
					"@executable_path/Frameworks",
					"@loader_path/Frameworks",
				);
				PRODUCT_BUNDLE_IDENTIFIER = chayarak.RacingUITests;
				PRODUCT_NAME = "$(TARGET_NAME)";
				SWIFT_VERSION = 5.0;
				TARGETED_DEVICE_FAMILY = "1,2";
				TEST_TARGET_NAME = Racing;
			};
			name = Debug;
		};
		9C6A03C922C4A84C002F99A9 /* Release */ = {
			isa = XCBuildConfiguration;
			buildSettings = {
				ALWAYS_EMBED_SWIFT_STANDARD_LIBRARIES = YES;
				CODE_SIGN_STYLE = Automatic;
				DEVELOPMENT_TEAM = 98SVP6YBGF;
				INFOPLIST_FILE = RacingUITests/Info.plist;
				LD_RUNPATH_SEARCH_PATHS = (
					"$(inherited)",
					"@executable_path/Frameworks",
					"@loader_path/Frameworks",
				);
				PRODUCT_BUNDLE_IDENTIFIER = chayarak.RacingUITests;
				PRODUCT_NAME = "$(TARGET_NAME)";
				SWIFT_VERSION = 5.0;
				TARGETED_DEVICE_FAMILY = "1,2";
				TEST_TARGET_NAME = Racing;
			};
			name = Release;
		};
/* End XCBuildConfiguration section */

/* Begin XCConfigurationList section */
		9C6A039422C4A849002F99A9 /* Build configuration list for PBXProject "Racing" */ = {
			isa = XCConfigurationList;
			buildConfigurations = (
				9C6A03BF22C4A84C002F99A9 /* Debug */,
				9C6A03C022C4A84C002F99A9 /* Release */,
			);
			defaultConfigurationIsVisible = 0;
			defaultConfigurationName = Release;
		};
		9C6A03C122C4A84C002F99A9 /* Build configuration list for PBXNativeTarget "Racing" */ = {
			isa = XCConfigurationList;
			buildConfigurations = (
				9C6A03C222C4A84C002F99A9 /* Debug */,
				9C6A03C322C4A84C002F99A9 /* Release */,
			);
			defaultConfigurationIsVisible = 0;
			defaultConfigurationName = Release;
		};
		9C6A03C422C4A84C002F99A9 /* Build configuration list for PBXNativeTarget "RacingTests" */ = {
			isa = XCConfigurationList;
			buildConfigurations = (
				9C6A03C522C4A84C002F99A9 /* Debug */,
				9C6A03C622C4A84C002F99A9 /* Release */,
			);
			defaultConfigurationIsVisible = 0;
			defaultConfigurationName = Release;
		};
		9C6A03C722C4A84C002F99A9 /* Build configuration list for PBXNativeTarget "RacingUITests" */ = {
			isa = XCConfigurationList;
			buildConfigurations = (
				9C6A03C822C4A84C002F99A9 /* Debug */,
				9C6A03C922C4A84C002F99A9 /* Release */,
			);
			defaultConfigurationIsVisible = 0;
			defaultConfigurationName = Release;
		};
/* End XCConfigurationList section */
	};
	rootObject = 9C6A039122C4A849002F99A9 /* Project object */;
}
